Microsoft Visual Studio Solution File, Format Version 11.00
# Visual Studio 2008

Project("{F7BDB74F-ED16-5663-1614-6E5E88F7178B}") = "MadRollers_46", "Assembly-CSharp-firstpass.csproj", "{BFEE562A-2AF5-0532-C6BD-0304D621019B}"
EndProject
Project("{F7BDB74F-ED16-5663-1614-6E5E88F7178B}") = "MadRollers_46", "Assembly-CSharp.csproj", "{AFD7987B-340F-B015-4B46-C7BBB245441E}"
EndProject
Project("{F7BDB74F-ED16-5663-1614-6E5E88F7178B}") = "MadRollers_46", "Assembly-CSharp-Editor.csproj", "{0E0A6C90-6391-FC7C-2A2C-5E3E3E22C52A}"
EndProject
Project("{F7BDB74F-ED16-5663-1614-6E5E88F7178B}") = "MadRollers_46", "Assembly-UnityScript-firstpass.unityproj", "{0366ECBE-01EC-5299-DA8F-8FC06E4ED158}"
EndProject
Project("{F7BDB74F-ED16-5663-1614-6E5E88F7178B}") = "MadRollers_46", "Assembly-UnityScript.unityproj", "{157897EB-1BB8-7C70-D876-F403BC719111}"
EndProject
Global
	GlobalSection(SolutionConfigurationPlatforms) = preSolution
		Debug|Any CPU = Debug|Any CPU
		Release|Any CPU = Release|Any CPU
	EndGlobalSection
	GlobalSection(ProjectConfigurationPlatforms) = postSolution
		{BFEE562A-2AF5-0532-C6BD-0304D621019B}.Debug|Any CPU.ActiveCfg = Debug|Any CPU
		{BFEE562A-2AF5-0532-C6BD-0304D621019B}.Debug|Any CPU.Build.0 = Debug|Any CPU
		{BFEE562A-2AF5-0532-C6BD-0304D621019B}.Release|Any CPU.ActiveCfg = Release|Any CPU
		{BFEE562A-2AF5-0532-C6BD-0304D621019B}.Release|Any CPU.Build.0 = Release|Any CPU
		{AFD7987B-340F-B015-4B46-C7BBB245441E}.Debug|Any CPU.ActiveCfg = Debug|Any CPU
		{AFD7987B-340F-B015-4B46-C7BBB245441E}.Debug|Any CPU.Build.0 = Debug|Any CPU
		{AFD7987B-340F-B015-4B46-C7BBB245441E}.Release|Any CPU.ActiveCfg = Release|Any CPU
		{AFD7987B-340F-B015-4B46-C7BBB245441E}.Release|Any CPU.Build.0 = Release|Any CPU
		{0E0A6C90-6391-FC7C-2A2C-5E3E3E22C52A}.Debug|Any CPU.ActiveCfg = Debug|Any CPU
		{0E0A6C90-6391-FC7C-2A2C-5E3E3E22C52A}.Debug|Any CPU.Build.0 = Debug|Any CPU
		{0E0A6C90-6391-FC7C-2A2C-5E3E3E22C52A}.Release|Any CPU.ActiveCfg = Release|Any CPU
		{0E0A6C90-6391-FC7C-2A2C-5E3E3E22C52A}.Release|Any CPU.Build.0 = Release|Any CPU
		{0366ECBE-01EC-5299-DA8F-8FC06E4ED158}.Debug|Any CPU.ActiveCfg = Debug|Any CPU
		{0366ECBE-01EC-5299-DA8F-8FC06E4ED158}.Debug|Any CPU.Build.0 = Debug|Any CPU
		{0366ECBE-01EC-5299-DA8F-8FC06E4ED158}.Release|Any CPU.ActiveCfg = Release|Any CPU
		{0366ECBE-01EC-5299-DA8F-8FC06E4ED158}.Release|Any CPU.Build.0 = Release|Any CPU
		{157897EB-1BB8-7C70-D876-F403BC719111}.Debug|Any CPU.ActiveCfg = Debug|Any CPU
		{157897EB-1BB8-7C70-D876-F403BC719111}.Debug|Any CPU.Build.0 = Debug|Any CPU
		{157897EB-1BB8-7C70-D876-F403BC719111}.Release|Any CPU.ActiveCfg = Release|Any CPU
		{157897EB-1BB8-7C70-D876-F403BC719111}.Release|Any CPU.Build.0 = Release|Any CPU
	EndGlobalSection
	GlobalSection(SolutionProperties) = preSolution
		HideSolutionNode = FALSE
	EndGlobalSection
																																																																																																																GlobalSection(MonoDevelopProperties) = preSolution
		StartupItem = Assembly-CSharp.csproj
		Policies = $0
		$0.TextStylePolicy = $1
		$1.inheritsSet = null
		$1.scope = text/x-csharp
		$0.CSharpFormattingPolicy = $2
		$2.inheritsSet = Mono
		$2.inheritsScope = text/x-csharp
		$2.scope = text/x-csharp
		$0.TextStylePolicy = $3
		$3.FileWidth = 120
		$3.TabWidth = 4
		$3.IndentWidth = 4
		$3.EolMarker = Unix
		$3.inheritsSet = Mono
		$3.inheritsScope = text/plain
		$3.scope = text/plain
	EndGlobalSection

EndGlobal
